{
  "projects": [
    {
      "projectId": "7N2vPaHjZjnPfzP3ngxwEk",
      "version": "0.0.1",
      "dependencies": {},
      "lang": "ts",
      "fileLocks": [
        {
          "assetId": "7N2vPaHjZjnPfzP3ngxwEk",
          "type": "projectCss",
          "checksum": "078b5be9aa4a8ea2a39b36c771c25aaa"
        },
        {
          "assetId": "7N2vPaHjZjnPfzP3ngxwEk",
          "checksum": "8bcb2677178b1576a58e9c920e418e86",
          "type": "globalContexts"
        }
      ],
      "codegenVersion": "0.0.1"
    },
    {
      "projectId": "brRX2cJiDM2zvnRXZCMxG7",
      "version": "0.0.1",
      "dependencies": {},
      "lang": "ts",
      "fileLocks": [
        {
          "assetId": "brRX2cJiDM2zvnRXZCMxG7",
          "type": "projectCss",
          "checksum": "e1ec850476829c38b0f9b6d4f7ac446a"
        },
        {
          "assetId": "brRX2cJiDM2zvnRXZCMxG7",
          "checksum": "95da65456a0067e590421f4e60e5f345",
          "type": "globalContexts"
        }
      ],
      "codegenVersion": "0.0.1"
    },
    {
      "projectId": "wknxcHEoVtCYtX2gWYSy5a",
      "version": "0.0.1",
      "dependencies": {},
      "lang": "ts",
      "fileLocks": [
        {
          "assetId": "wknxcHEoVtCYtX2gWYSy5a",
          "type": "projectCss",
          "checksum": "1b891cf9539f1db972dc4163ae1172e9"
        }
      ],
      "codegenVersion": "0.0.1"
    },
    {
      "projectId": "7KycgN7CbBQrbUdWStFgm4",
      "version": "latest",
      "dependencies": {
        "wknxcHEoVtCYtX2gWYSy5a": "0.0.1",
        "brRX2cJiDM2zvnRXZCMxG7": "0.0.1",
        "7N2vPaHjZjnPfzP3ngxwEk": "0.0.1"
      },
      "lang": "ts",
      "fileLocks": [
        {
          "type": "globalVariant",
          "assetId": "6s5JX2DxMOo6",
          "checksum": "e7057ba029bd30822114c26aed0ae9a9"
        },
        {
          "assetId": "7KycgN7CbBQrbUdWStFgm4",
          "type": "projectCss",
          "checksum": "854961abf5788a3f74d18560ba347ff5"
        },
        {
          "assetId": "7KycgN7CbBQrbUdWStFgm4",
          "checksum": "57a9f4d803d9672a40516db48d6f6357",
          "type": "globalContexts"
        },
        {
          "type": "renderModule",
          "assetId": "flB8Vpd-ER7A",
          "checksum": "4d642b323cb3edc81cbabfb3aa7f0d6f"
        },
        {
          "type": "cssRules",
          "assetId": "flB8Vpd-ER7A",
          "checksum": "4d642b323cb3edc81cbabfb3aa7f0d6f"
        },
        {
          "type": "renderModule",
          "assetId": "FY5fgXVfJgh2",
          "checksum": "4c5e09c512e8361c2fe3e6d15a44a048"
        },
        {
          "type": "cssRules",
          "assetId": "FY5fgXVfJgh2",
          "checksum": "4c5e09c512e8361c2fe3e6d15a44a048"
        },
        {
          "type": "renderModule",
          "assetId": "hXd-xqa7wnmm",
          "checksum": "057411fec668a76bacf5e51ed4d2cadd"
        },
        {
          "type": "cssRules",
          "assetId": "hXd-xqa7wnmm",
          "checksum": "057411fec668a76bacf5e51ed4d2cadd"
        },
        {
          "type": "renderModule",
          "assetId": "mCWiu0FddPuk",
          "checksum": "a8ddc7aefe3e5a3b7f58bda8cfebc16e"
        },
        {
          "type": "cssRules",
          "assetId": "mCWiu0FddPuk",
          "checksum": "a8ddc7aefe3e5a3b7f58bda8cfebc16e"
        },
        {
          "type": "renderModule",
          "assetId": "DGiUTURv-ef3",
          "checksum": "5793e3682b20dbe1b23eacf81350b3af"
        },
        {
          "type": "cssRules",
          "assetId": "DGiUTURv-ef3",
          "checksum": "5793e3682b20dbe1b23eacf81350b3af"
        },
        {
          "type": "renderModule",
          "assetId": "hZghwjring4Q",
          "checksum": "39e04793f7be3adf8edb1da0df54bafa"
        },
        {
          "type": "cssRules",
          "assetId": "hZghwjring4Q",
          "checksum": "39e04793f7be3adf8edb1da0df54bafa"
        },
        {
          "type": "icon",
          "assetId": "4uv9KfKvscwy",
          "checksum": "bcc6c533818d01556d00967496e87e5f"
        },
        {
          "type": "icon",
          "assetId": "Wa1KbcHu_xic",
          "checksum": "c25a216e56f141cd8babc7c26a8a7dfe"
        },
        {
          "type": "icon",
          "assetId": "t87eS-NfRue5",
          "checksum": "5af45a0305d4797ef5cf92c14abb5c2c"
        },
        {
          "type": "icon",
          "assetId": "PWt6a2w5-bgo",
          "checksum": "bb948cf0c72ba72ab2b201634694a049"
        },
        {
          "type": "icon",
          "assetId": "GRRmtgJC7n9c",
          "checksum": "55b46cb5afcf0b8b36868566b4e9caef"
        },
        {
          "type": "icon",
          "assetId": "8CUgES9jkiU_",
          "checksum": "ade7bbb14c0bb8f980d9aee6bf852a4f"
        },
        {
          "type": "icon",
          "assetId": "Tgf-HqwGEQ_n",
          "checksum": "7f96398c6f4ebff6d3c5e545f041e2f2"
        },
        {
          "type": "icon",
          "assetId": "R5Yi8lVQMzqX",
          "checksum": "1b6b028e6d57f528e72bb47e8f9740ef"
        },
        {
          "type": "icon",
          "assetId": "C2Gp0j_ODpWu",
          "checksum": "133983ff6816a701f4218a67fa788c0f"
        },
        {
          "type": "icon",
          "assetId": "XUAktjtUygYu",
          "checksum": "15b32f4d018360f97531ec4587230dad"
        },
        {
          "type": "icon",
          "assetId": "2tvSh3IbAsD_",
          "checksum": "8b7ada5c9bfc7e85bd225984b5e367d7"
        },
        {
          "type": "image",
          "assetId": "4fUm-4jIo9WZ",
          "checksum": "26c677807dd1a043c9ab73669ddb20b2"
        },
        {
          "type": "image",
          "assetId": "X-fGZcgAB1ky",
          "checksum": "237d4bf7ac9bf6345c3fde0455bd7f63"
        },
        {
          "type": "image",
          "assetId": "cAogv2DcNEAc",
          "checksum": "21cdcba265de74a19f60d36e0e059d75"
        },
        {
          "type": "image",
          "assetId": "rNOxOhUuKJiz",
          "checksum": "417776fe46643450cedb3502c293f770"
        },
        {
          "type": "image",
          "assetId": "VO5bohs6kddJ",
          "checksum": "73da55394e66591d4abaa49d6d1731fd"
        },
        {
          "type": "image",
          "assetId": "hxSzRF9lk22j",
          "checksum": "cfb47d4851a6edba301dbfb3bc15e5eb"
        },
        {
          "type": "image",
          "assetId": "TNDgJLRArxPX",
          "checksum": "ba62dca61b9ef330ddd780ac5530d74a"
        },
        {
          "type": "image",
          "assetId": "m_1tfhkMGrCa",
          "checksum": "a80cfddabed383fb1c7e360d1f12dbe4"
        },
        {
          "type": "image",
          "assetId": "CW-eMjODogx-",
          "checksum": "41bf7a9687cbd1faa75a45fb92c14fcd"
        },
        {
          "type": "image",
          "assetId": "TberWyTK3G83",
          "checksum": "4931be36a57052410058386de25fcef8"
        },
        {
          "type": "image",
          "assetId": "crZXzLG6zztH",
          "checksum": "fb4c19d3c3a1536d0af85a83b16df741"
        },
        {
          "type": "image",
          "assetId": "gqwhES2-w2rw",
          "checksum": "9d9c1d86fb096e636a658ee1802ea274"
        },
        {
          "type": "image",
          "assetId": "3vPyAZwsV0YC",
          "checksum": "245e823c293183630640bd488ac70bcb"
        },
        {
          "type": "image",
          "assetId": "N2OhhtMREZVl",
          "checksum": "e5f7e65be47a6b5a198ccb7889815617"
        },
        {
          "type": "image",
          "assetId": "wlMXfYfzqW4D",
          "checksum": "7a1b459de5c576c3c650fa14ab652aa6"
        },
        {
          "type": "image",
          "assetId": "4GviMGc0dbaW",
          "checksum": "da5c8625d72b1959a8977f460412807a"
        },
        {
          "type": "image",
          "assetId": "hTQRcrmRRNUP",
          "checksum": "ea30d4788a362514ebd6696b749b622c"
        },
        {
          "type": "image",
          "assetId": "wkzgBY6mLJ4h",
          "checksum": "08e7e72f4b137c758c240aae859e39d2"
        },
        {
          "type": "image",
          "assetId": "I645uGtsEZ9V",
          "checksum": "e1147530d32ae1f7374fd0210791e71d"
        },
        {
          "type": "image",
          "assetId": "CNc7z1SgDmGz",
          "checksum": "9580017671a0f9d8c607e4fe755d1952"
        },
        {
          "type": "image",
          "assetId": "VM-lDq37gfkY",
          "checksum": "eb22cdeec6ecec5f80f9e642b8ccb734"
        }
      ],
      "codegenVersion": "0.0.1"
    }
  ],
  "cliVersion": "0.1.330"
}
